
Microsoft Visual Studio Solution File, Format Version 12.00
# Visual Studio Version 17
VisualStudioVersion = 17.10.35013.160
MinimumVisualStudioVersion = 10.0.40219.1
Project("{888888A0-9F3D-457C-B088-3A5042F75D52}") = "AI_Detector_Program", "AI_Detector_Program\AI_Detector_Program.pyproj", "{CDD4174B-652B-4CF5-9BBA-F554E65F7570}"
EndProject
Global
	GlobalSection(SolutionConfigurationPlatforms) = preSolution
		Debug|Any CPU = Debug|Any CPU
		Release|Any CPU = Release|Any CPU
	EndGlobalSection
	GlobalSection(ProjectConfigurationPlatforms) = postSolution
		{CDD4174B-652B-4CF5-9BBA-F554E65F7570}.Debug|Any CPU.ActiveCfg = Debug|Any CPU
		{CDD4174B-652B-4CF5-9BBA-F554E65F7570}.Release|Any CPU.ActiveCfg = Release|Any CPU
	EndGlobalSection
	GlobalSection(SolutionProperties) = preSolution
		HideSolutionNode = FALSE
	EndGlobalSection
	GlobalSection(ExtensibilityGlobals) = postSolution
		SolutionGuid = {A51F2AFE-AF29-4F84-AF4E-567ABD1C68E3}
	EndGlobalSection
EndGlobal
